
Microsoft Visual Studio Solution File, Format Version 12.00
# Visual Studio Version 17
VisualStudioVersion = 17.7.34221.43
MinimumVisualStudioVersion = 10.0.40219.1
Project("{2150E333-8FDC-42A3-9474-1A3956D46DE8}") = "src", "src", "{711EA7BE-1A68-4863-9899-090F08026C2A}"
EndProject
Project("{FAE04EC0-301F-11D3-BF4B-00C04F79EFBC}") = "Base.DataAccess", "Base.DataAccess\Base.DataAccess.csproj", "{F602C45D-53EF-4BC8-9771-D7EECD3D5121}"
EndProject
Project("{FAE04EC0-301F-11D3-BF4B-00C04F79EFBC}") = "Base.Service", "Base.Service\Base.Service.csproj", "{94C80CE7-2D41-413D-A05A-F149F312F858}"
EndProject
Project("{FAE04EC0-301F-11D3-BF4B-00C04F79EFBC}") = "Base.Core", "Base.Core\Base.Core.csproj", "{A2CE7407-7372-461F-8DDE-D3A8D1780642}"
EndProject
Project("{FAE04EC0-301F-11D3-BF4B-00C04F79EFBC}") = "Base.Contracts", "Base.Contracts\Base.Contracts.csproj", "{D9FE8637-3FC0-474E-8F8F-6A611E42164D}"
EndProject
Project("{FAE04EC0-301F-11D3-BF4B-00C04F79EFBC}") = "Base.UseCases", "Base.UseCases\Base.UseCases.csproj", "{3EED13F4-36FE-4B79-A5C1-94D995BCFB0D}"
EndProject
Project("{2150E333-8FDC-42A3-9474-1A3956D46DE8}") = "Packages", "Packages", "{0E8A4FA3-66F0-4301-8783-94EBDC1E1D31}"
EndProject
Project("{FAE04EC0-301F-11D3-BF4B-00C04F79EFBC}") = "Data.DI", "Data.DI\Data.DI.csproj", "{E5F11EB4-F316-4BF2-AE5D-1D67D69B71EF}"
EndProject
Project("{FAE04EC0-301F-11D3-BF4B-00C04F79EFBC}") = "UseCases", "UseCases\UseCases.csproj", "{C745A085-60B7-4B10-A6B7-8153BFB14FAD}"
EndProject
Project("{FAE04EC0-301F-11D3-BF4B-00C04F79EFBC}") = "UseCases.DI", "UseCases.DI\UseCases.DI.csproj", "{38FD0D0D-450D-40E2-B9A7-1E765E86B16B}"
EndProject
Project("{FAE04EC0-301F-11D3-BF4B-00C04F79EFBC}") = "Consul", "Consul\Consul.csproj", "{19A4329F-296B-43AD-AF91-76E9BD18DC76}"
EndProject
Global
	GlobalSection(SolutionConfigurationPlatforms) = preSolution
		Debug|Any CPU = Debug|Any CPU
		Release|Any CPU = Release|Any CPU
	EndGlobalSection
	GlobalSection(ProjectConfigurationPlatforms) = postSolution
		{F602C45D-53EF-4BC8-9771-D7EECD3D5121}.Debug|Any CPU.ActiveCfg = Debug|Any CPU
		{F602C45D-53EF-4BC8-9771-D7EECD3D5121}.Debug|Any CPU.Build.0 = Debug|Any CPU
		{F602C45D-53EF-4BC8-9771-D7EECD3D5121}.Release|Any CPU.ActiveCfg = Release|Any CPU
		{F602C45D-53EF-4BC8-9771-D7EECD3D5121}.Release|Any CPU.Build.0 = Release|Any CPU
		{94C80CE7-2D41-413D-A05A-F149F312F858}.Debug|Any CPU.ActiveCfg = Debug|Any CPU
		{94C80CE7-2D41-413D-A05A-F149F312F858}.Debug|Any CPU.Build.0 = Debug|Any CPU
		{94C80CE7-2D41-413D-A05A-F149F312F858}.Release|Any CPU.ActiveCfg = Release|Any CPU
		{94C80CE7-2D41-413D-A05A-F149F312F858}.Release|Any CPU.Build.0 = Release|Any CPU
		{A2CE7407-7372-461F-8DDE-D3A8D1780642}.Debug|Any CPU.ActiveCfg = Debug|Any CPU
		{A2CE7407-7372-461F-8DDE-D3A8D1780642}.Debug|Any CPU.Build.0 = Debug|Any CPU
		{A2CE7407-7372-461F-8DDE-D3A8D1780642}.Release|Any CPU.ActiveCfg = Release|Any CPU
		{A2CE7407-7372-461F-8DDE-D3A8D1780642}.Release|Any CPU.Build.0 = Release|Any CPU
		{D9FE8637-3FC0-474E-8F8F-6A611E42164D}.Debug|Any CPU.ActiveCfg = Debug|Any CPU
		{D9FE8637-3FC0-474E-8F8F-6A611E42164D}.Debug|Any CPU.Build.0 = Debug|Any CPU
		{D9FE8637-3FC0-474E-8F8F-6A611E42164D}.Release|Any CPU.ActiveCfg = Release|Any CPU
		{D9FE8637-3FC0-474E-8F8F-6A611E42164D}.Release|Any CPU.Build.0 = Release|Any CPU
		{3EED13F4-36FE-4B79-A5C1-94D995BCFB0D}.Debug|Any CPU.ActiveCfg = Debug|Any CPU
		{3EED13F4-36FE-4B79-A5C1-94D995BCFB0D}.Debug|Any CPU.Build.0 = Debug|Any CPU
		{3EED13F4-36FE-4B79-A5C1-94D995BCFB0D}.Release|Any CPU.ActiveCfg = Release|Any CPU
		{3EED13F4-36FE-4B79-A5C1-94D995BCFB0D}.Release|Any CPU.Build.0 = Release|Any CPU
		{E5F11EB4-F316-4BF2-AE5D-1D67D69B71EF}.Debug|Any CPU.ActiveCfg = Debug|Any CPU
		{E5F11EB4-F316-4BF2-AE5D-1D67D69B71EF}.Debug|Any CPU.Build.0 = Debug|Any CPU
		{E5F11EB4-F316-4BF2-AE5D-1D67D69B71EF}.Release|Any CPU.ActiveCfg = Release|Any CPU
		{E5F11EB4-F316-4BF2-AE5D-1D67D69B71EF}.Release|Any CPU.Build.0 = Release|Any CPU
		{C745A085-60B7-4B10-A6B7-8153BFB14FAD}.Debug|Any CPU.ActiveCfg = Debug|Any CPU
		{C745A085-60B7-4B10-A6B7-8153BFB14FAD}.Debug|Any CPU.Build.0 = Debug|Any CPU
		{C745A085-60B7-4B10-A6B7-8153BFB14FAD}.Release|Any CPU.ActiveCfg = Release|Any CPU
		{C745A085-60B7-4B10-A6B7-8153BFB14FAD}.Release|Any CPU.Build.0 = Release|Any CPU
		{38FD0D0D-450D-40E2-B9A7-1E765E86B16B}.Debug|Any CPU.ActiveCfg = Debug|Any CPU
		{38FD0D0D-450D-40E2-B9A7-1E765E86B16B}.Debug|Any CPU.Build.0 = Debug|Any CPU
		{38FD0D0D-450D-40E2-B9A7-1E765E86B16B}.Release|Any CPU.ActiveCfg = Release|Any CPU
		{38FD0D0D-450D-40E2-B9A7-1E765E86B16B}.Release|Any CPU.Build.0 = Release|Any CPU
		{19A4329F-296B-43AD-AF91-76E9BD18DC76}.Debug|Any CPU.ActiveCfg = Debug|Any CPU
		{19A4329F-296B-43AD-AF91-76E9BD18DC76}.Debug|Any CPU.Build.0 = Debug|Any CPU
		{19A4329F-296B-43AD-AF91-76E9BD18DC76}.Release|Any CPU.ActiveCfg = Release|Any CPU
		{19A4329F-296B-43AD-AF91-76E9BD18DC76}.Release|Any CPU.Build.0 = Release|Any CPU
	EndGlobalSection
	GlobalSection(SolutionProperties) = preSolution
		HideSolutionNode = FALSE
	EndGlobalSection
	GlobalSection(NestedProjects) = preSolution
		{F602C45D-53EF-4BC8-9771-D7EECD3D5121} = {711EA7BE-1A68-4863-9899-090F08026C2A}
		{94C80CE7-2D41-413D-A05A-F149F312F858} = {711EA7BE-1A68-4863-9899-090F08026C2A}
		{A2CE7407-7372-461F-8DDE-D3A8D1780642} = {711EA7BE-1A68-4863-9899-090F08026C2A}
		{D9FE8637-3FC0-474E-8F8F-6A611E42164D} = {711EA7BE-1A68-4863-9899-090F08026C2A}
		{3EED13F4-36FE-4B79-A5C1-94D995BCFB0D} = {711EA7BE-1A68-4863-9899-090F08026C2A}
		{E5F11EB4-F316-4BF2-AE5D-1D67D69B71EF} = {0E8A4FA3-66F0-4301-8783-94EBDC1E1D31}
		{C745A085-60B7-4B10-A6B7-8153BFB14FAD} = {0E8A4FA3-66F0-4301-8783-94EBDC1E1D31}
		{38FD0D0D-450D-40E2-B9A7-1E765E86B16B} = {0E8A4FA3-66F0-4301-8783-94EBDC1E1D31}
		{19A4329F-296B-43AD-AF91-76E9BD18DC76} = {0E8A4FA3-66F0-4301-8783-94EBDC1E1D31}
	EndGlobalSection
	GlobalSection(ExtensibilityGlobals) = postSolution
		SolutionGuid = {ACB80435-A435-43CC-A3E5-EFD303F80FE7}
	EndGlobalSection
EndGlobal
